{
  "name": "futurescoop",
  "version": "1.0.0",
  "lockfileVersion": 2,
  "requires": true,
  "packages": {
    "": {
      "version": "1.0.0",
      "license": "ISC",
      "dependencies": {
        "gsap": "^3.6.1",
        "scrollmagic": "^2.0.8",
        "three": "^0.129.0"
      }
    },
    "node_modules/gsap": {
      "version": "3.6.1",
      "resolved": "https://registry.npmjs.org/gsap/-/gsap-3.6.1.tgz",
      "integrity": "sha512-hCkjk7UVbeEmlpFbiy7lIsh742bwVlMhdCnnQ1CvVOAdURyPX8hXjFZGh/0YzUyAcWPyJPE0/paMhSYtLhGlfA=="
    },
    "node_modules/scrollmagic": {
      "version": "2.0.8",
      "resolved": "https://registry.npmjs.org/scrollmagic/-/scrollmagic-2.0.8.tgz",
      "integrity": "sha512-UYXEGBPVLziovXl3FjHGkY9c4UXKUKopIdXwWR2JapWxCo0U345wYegi7rcsv5vHf/ktc1bSNWy4QRFiV+Yccw==",
      "engines": {
        "node": ">=0.10.x"
      }
    },
    "node_modules/three": {
      "version": "0.129.0",
      "resolved": "https://registry.npmjs.org/three/-/three-0.129.0.tgz",
      "integrity": "sha512-wiWio1yVRg2Oj6WEWsTHQo5eSzYpEwSBtPSi3OofNpvFbf26HFfb9kw4FZJNjII4qxzp0b1xLB11+tKkBGB1ZA=="
    }
  },
  "dependencies": {
    "gsap": {
      "version": "3.6.1",
      "resolved": "https://registry.npmjs.org/gsap/-/gsap-3.6.1.tgz",
      "integrity": "sha512-hCkjk7UVbeEmlpFbiy7lIsh742bwVlMhdCnnQ1CvVOAdURyPX8hXjFZGh/0YzUyAcWPyJPE0/paMhSYtLhGlfA=="
    },
    "scrollmagic": {
      "version": "2.0.8",
      "resolved": "https://registry.npmjs.org/scrollmagic/-/scrollmagic-2.0.8.tgz",
      "integrity": "sha512-UYXEGBPVLziovXl3FjHGkY9c4UXKUKopIdXwWR2JapWxCo0U345wYegi7rcsv5vHf/ktc1bSNWy4QRFiV+Yccw=="
    },
    "three": {
      "version": "0.129.0",
      "resolved": "https://registry.npmjs.org/three/-/three-0.129.0.tgz",
      "integrity": "sha512-wiWio1yVRg2Oj6WEWsTHQo5eSzYpEwSBtPSi3OofNpvFbf26HFfb9kw4FZJNjII4qxzp0b1xLB11+tKkBGB1ZA=="
    }
  }
}
